
Microsoft Visual Studio Solution File, Format Version 12.00
# Visual Studio Version 17
VisualStudioVersion = 17.0.31903.59
MinimumVisualStudioVersion = 10.0.40219.1
Project("{FAE04EC0-301F-11D3-BF4B-00C04F79EFBC}") = "DAY1", "DAY1\DAY1.csproj", "{90AB8326-15F2-4BC9-94F4-EB9B567252BF}"
EndProject
Project("{FAE04EC0-301F-11D3-BF4B-00C04F79EFBC}") = "DAY2", "DAY2\DAY2.csproj", "{2F4AD2EA-A62A-4D20-AE76-956066AF5C57}"
EndProject
Project("{FAE04EC0-301F-11D3-BF4B-00C04F79EFBC}") = "DAY3", "DAY3\DAY3.csproj", "{B545CACD-4605-4514-8034-EA9289A865F5}"
EndProject
Project("{FAE04EC0-301F-11D3-BF4B-00C04F79EFBC}") = "DYA3", "DYA3\DYA3.csproj", "{8B20E349-4768-4F3C-8FE1-2FA71C4BC06E}"
EndProject
Global
	GlobalSection(SolutionConfigurationPlatforms) = preSolution
		Debug|Any CPU = Debug|Any CPU
		Release|Any CPU = Release|Any CPU
	EndGlobalSection
	GlobalSection(SolutionProperties) = preSolution
		HideSolutionNode = FALSE
	EndGlobalSection
	GlobalSection(ProjectConfigurationPlatforms) = postSolution
		{90AB8326-15F2-4BC9-94F4-EB9B567252BF}.Debug|Any CPU.ActiveCfg = Debug|Any CPU
		{90AB8326-15F2-4BC9-94F4-EB9B567252BF}.Debug|Any CPU.Build.0 = Debug|Any CPU
		{90AB8326-15F2-4BC9-94F4-EB9B567252BF}.Release|Any CPU.ActiveCfg = Release|Any CPU
		{90AB8326-15F2-4BC9-94F4-EB9B567252BF}.Release|Any CPU.Build.0 = Release|Any CPU
		{2F4AD2EA-A62A-4D20-AE76-956066AF5C57}.Debug|Any CPU.ActiveCfg = Debug|Any CPU
		{2F4AD2EA-A62A-4D20-AE76-956066AF5C57}.Debug|Any CPU.Build.0 = Debug|Any CPU
		{2F4AD2EA-A62A-4D20-AE76-956066AF5C57}.Release|Any CPU.ActiveCfg = Release|Any CPU
		{2F4AD2EA-A62A-4D20-AE76-956066AF5C57}.Release|Any CPU.Build.0 = Release|Any CPU
		{B545CACD-4605-4514-8034-EA9289A865F5}.Debug|Any CPU.ActiveCfg = Debug|Any CPU
		{B545CACD-4605-4514-8034-EA9289A865F5}.Debug|Any CPU.Build.0 = Debug|Any CPU
		{B545CACD-4605-4514-8034-EA9289A865F5}.Release|Any CPU.ActiveCfg = Release|Any CPU
		{B545CACD-4605-4514-8034-EA9289A865F5}.Release|Any CPU.Build.0 = Release|Any CPU
		{8B20E349-4768-4F3C-8FE1-2FA71C4BC06E}.Debug|Any CPU.ActiveCfg = Debug|Any CPU
		{8B20E349-4768-4F3C-8FE1-2FA71C4BC06E}.Debug|Any CPU.Build.0 = Debug|Any CPU
		{8B20E349-4768-4F3C-8FE1-2FA71C4BC06E}.Release|Any CPU.ActiveCfg = Release|Any CPU
		{8B20E349-4768-4F3C-8FE1-2FA71C4BC06E}.Release|Any CPU.Build.0 = Release|Any CPU
	EndGlobalSection
EndGlobal
